{
  "nodes": {
    "flakeNimbleLib": {
      "inputs": {
        "nixpkgs": [
          "nixpkgs"
        ]
      },
      "locked": {
        "lastModified": 1662018438,
        "narHash": "sha256-QtNtU6+LX3Wokxf0zlFwKTFOcn6TeDjKQZ+DA9OYtvM=",
        "owner": "riinr",
        "repo": "nim-flakes-lib",
        "rev": "b1fe8340736e3a85d25c709ac3dfd82a55c03cbf",
        "type": "github"
      },
      "original": {
        "owner": "riinr",
        "ref": "master",
        "repo": "nim-flakes-lib",
        "type": "github"
      }
    },
    "nixpkgs": {
      "locked": {
        "lastModified": 1667110639,
        "narHash": "sha256-4FbPESZ5LbqQxkJJJBAfk/zKgF9h/4kyUwjjpJwYlbc=",
        "owner": "NixOS",
        "repo": "nixpkgs",
        "rev": "f38a1f04d1bec1feb61fd101a0539ae2002a7087",
        "type": "github"
      },
      "original": {
        "id": "nixpkgs",
        "type": "indirect"
      }
    },
    "root": {
      "inputs": {
        "flakeNimbleLib": "flakeNimbleLib",
        "nixpkgs": "nixpkgs",
        "timespec_get-master": "timespec_get-master"
      }
    },
    "src-timespec_get-master": {
      "flake": false,
      "locked": {
        "lastModified": 1543670767,
        "narHash": "sha256-2M4geCNz/3xkBPhVK8b04fKAOjT7oz5RRlbBEKhRL2s=",
        "owner": "Matceporial",
        "repo": "nim-timespec_get",
        "rev": "76021234c2f0678c093a83f777c4936072444e70",
        "type": "github"
      },
      "original": {
        "owner": "Matceporial",
        "ref": "refs/heads/master",
        "repo": "nim-timespec_get",
        "type": "github"
      }
    },
    "timespec_get-master": {
      "inputs": {
        "flakeNimbleLib": [
          "flakeNimbleLib"
        ],
        "nixpkgs": [
          "nixpkgs"
        ],
        "src-timespec_get-master": "src-timespec_get-master"
      },
      "locked": {
        "dir": "master",
        "lastModified": 1662254888,
        "narHash": "sha256-tedNbZ0aSHjES3thMr9xdXTSkJhsjR2VihiuZdyc3lQ=",
        "owner": "nim-nix-pkgs",
        "repo": "timespec_get",
        "rev": "434ab569260d958a0786107189b4e128c622812f",
        "type": "github"
      },
      "original": {
        "dir": "master",
        "owner": "nim-nix-pkgs",
        "ref": "master",
        "repo": "timespec_get",
        "type": "github"
      }
    }
  },
  "root": "root",
  "version": 7
}
